// !$*UTF8*$!
{
	archiveVersion = 1;
	classes = {
	};
	objectVersion = 77;
	objects = {

/* Begin PBXBuildFile section */
		2B1A596D2D6746B7007D9191 /* intent.intentdefinition in Sources */ = {isa = PBXBuildFile; fileRef = 2B1A596C2D6746B7007D9191 /* intent.intentdefinition */; };
		2B1A596E2D6746B7007D9191 /* intent.intentdefinition in Sources */ = {isa = PBXBuildFile; fileRef = 2B1A596C2D6746B7007D9191 /* intent.intentdefinition */; };
		2BE4470D2D64A89600376C30 /* WidgetKit.framework in Frameworks */ = {isa = PBXBuildFile; fileRef = 2BE4470C2D64A89600376C30 /* WidgetKit.framework */; };
		2BE4470F2D64A89600376C30 /* SwiftUI.framework in Frameworks */ = {isa = PBXBuildFile; fileRef = 2BE4470E2D64A89600376C30 /* SwiftUI.framework */; };
		2BE4471A2D64A89800376C30 /* Widget02082WidgetExtension.appex in Embed Foundation Extensions */ = {isa = PBXBuildFile; fileRef = 2BE4470A2D64A89600376C30 /* Widget02082WidgetExtension.appex */; settings = {ATTRIBUTES = (RemoveHeadersOnCopy, ); }; };
/* End PBXBuildFile section */

/* Begin PBXContainerItemProxy section */
		2BE447182D64A89800376C30 /* PBXContainerItemProxy */ = {
			isa = PBXContainerItemProxy;
			containerPortal = 2BE446ED2D64A87D00376C30 /* Project object */;
			proxyType = 1;
			remoteGlobalIDString = 2BE447092D64A89600376C30;
			remoteInfo = Widget02082WidgetExtension;
		};
/* End PBXContainerItemProxy section */

/* Begin PBXCopyFilesBuildPhase section */
		2BE4471F2D64A89800376C30 /* Embed Foundation Extensions */ = {
			isa = PBXCopyFilesBuildPhase;
			buildActionMask = 2147483647;
			dstPath = "";
			dstSubfolderSpec = 13;
			files = (
				2BE4471A2D64A89800376C30 /* Widget02082WidgetExtension.appex in Embed Foundation Extensions */,
			);
			name = "Embed Foundation Extensions";
			runOnlyForDeploymentPostprocessing = 0;
		};
/* End PBXCopyFilesBuildPhase section */

/* Begin PBXFileReference section */
		2B1A596C2D6746B7007D9191 /* intent.intentdefinition */ = {isa = PBXFileReference; lastKnownFileType = file.intentdefinition; path = intent.intentdefinition; sourceTree = "<group>"; };
		2BE446F52D64A87D00376C30 /* Widget02082.app */ = {isa = PBXFileReference; explicitFileType = wrapper.application; includeInIndex = 0; path = Widget02082.app; sourceTree = BUILT_PRODUCTS_DIR; };
		2BE4470A2D64A89600376C30 /* Widget02082WidgetExtension.appex */ = {isa = PBXFileReference; explicitFileType = "wrapper.app-extension"; includeInIndex = 0; path = Widget02082WidgetExtension.appex; sourceTree = BUILT_PRODUCTS_DIR; };
		2BE4470C2D64A89600376C30 /* WidgetKit.framework */ = {isa = PBXFileReference; lastKnownFileType = wrapper.framework; name = WidgetKit.framework; path = System/Library/Frameworks/WidgetKit.framework; sourceTree = SDKROOT; };
		2BE4470E2D64A89600376C30 /* SwiftUI.framework */ = {isa = PBXFileReference; lastKnownFileType = wrapper.framework; name = SwiftUI.framework; path = System/Library/Frameworks/SwiftUI.framework; sourceTree = SDKROOT; };
/* End PBXFileReference section */

/* Begin PBXFileSystemSynchronizedBuildFileExceptionSet section */
		2BE4471B2D64A89800376C30 /* Exceptions for "Widget02082Widget" folder in "Widget02082WidgetExtension" target */ = {
			isa = PBXFileSystemSynchronizedBuildFileExceptionSet;
			membershipExceptions = (
				Info.plist,
			);
			target = 2BE447092D64A89600376C30 /* Widget02082WidgetExtension */;
		};
		2BE447212D64AADC00376C30 /* Exceptions for "Widget02082" folder in "Widget02082" target */ = {
			isa = PBXFileSystemSynchronizedBuildFileExceptionSet;
			membershipExceptions = (
				Info.plist,
			);
			target = 2BE446F42D64A87D00376C30 /* Widget02082 */;
		};
/* End PBXFileSystemSynchronizedBuildFileExceptionSet section */

/* Begin PBXFileSystemSynchronizedRootGroup section */
		2BE446F72D64A87D00376C30 /* Widget02082 */ = {
			isa = PBXFileSystemSynchronizedRootGroup;
			exceptions = (
				2BE447212D64AADC00376C30 /* Exceptions for "Widget02082" folder in "Widget02082" target */,
			);
			path = Widget02082;
			sourceTree = "<group>";
		};
		2BE447102D64A89600376C30 /* Widget02082Widget */ = {
			isa = PBXFileSystemSynchronizedRootGroup;
			exceptions = (
				2BE4471B2D64A89800376C30 /* Exceptions for "Widget02082Widget" folder in "Widget02082WidgetExtension" target */,
			);
			path = Widget02082Widget;
			sourceTree = "<group>";
		};
/* End PBXFileSystemSynchronizedRootGroup section */

/* Begin PBXFrameworksBuildPhase section */
		2BE446F22D64A87D00376C30 /* Frameworks */ = {
			isa = PBXFrameworksBuildPhase;
			buildActionMask = 2147483647;
			files = (
			);
			runOnlyForDeploymentPostprocessing = 0;
		};
		2BE447072D64A89600376C30 /* Frameworks */ = {
			isa = PBXFrameworksBuildPhase;
			buildActionMask = 2147483647;
			files = (
				2BE4470F2D64A89600376C30 /* SwiftUI.framework in Frameworks */,
				2BE4470D2D64A89600376C30 /* WidgetKit.framework in Frameworks */,
			);
			runOnlyForDeploymentPostprocessing = 0;
		};
/* End PBXFrameworksBuildPhase section */

/* Begin PBXGroup section */
		2B1A596B2D674682007D9191 /* Share */ = {
			isa = PBXGroup;
			children = (
				2B1A596C2D6746B7007D9191 /* intent.intentdefinition */,
			);
			path = Share;
			sourceTree = "<group>";
		};
		2BE446EC2D64A87D00376C30 = {
			isa = PBXGroup;
			children = (
				2B1A596B2D674682007D9191 /* Share */,
				2BE446F72D64A87D00376C30 /* Widget02082 */,
				2BE447102D64A89600376C30 /* Widget02082Widget */,
				2BE4470B2D64A89600376C30 /* Frameworks */,
				2BE446F62D64A87D00376C30 /* Products */,
			);
			sourceTree = "<group>";
		};
		2BE446F62D64A87D00376C30 /* Products */ = {
			isa = PBXGroup;
			children = (
				2BE446F52D64A87D00376C30 /* Widget02082.app */,
				2BE4470A2D64A89600376C30 /* Widget02082WidgetExtension.appex */,
			);
			name = Products;
			sourceTree = "<group>";
		};
		2BE4470B2D64A89600376C30 /* Frameworks */ = {
			isa = PBXGroup;
			children = (
				2BE4470C2D64A89600376C30 /* WidgetKit.framework */,
				2BE4470E2D64A89600376C30 /* SwiftUI.framework */,
			);
			name = Frameworks;
			sourceTree = "<group>";
		};
/* End PBXGroup section */

/* Begin PBXNativeTarget section */
		2BE446F42D64A87D00376C30 /* Widget02082 */ = {
			isa = PBXNativeTarget;
			buildConfigurationList = 2BE447032D64A87F00376C30 /* Build configuration list for PBXNativeTarget "Widget02082" */;
			buildPhases = (
				2BE446F12D64A87D00376C30 /* Sources */,
				2BE446F22D64A87D00376C30 /* Frameworks */,
				2BE446F32D64A87D00376C30 /* Resources */,
				2BE4471F2D64A89800376C30 /* Embed Foundation Extensions */,
			);
			buildRules = (
			);
			dependencies = (
				2BE447192D64A89800376C30 /* PBXTargetDependency */,
			);
			fileSystemSynchronizedGroups = (
				2BE446F72D64A87D00376C30 /* Widget02082 */,
			);
			name = Widget02082;
			packageProductDependencies = (
			);
			productName = Widget02082;
			productReference = 2BE446F52D64A87D00376C30 /* Widget02082.app */;
			productType = "com.apple.product-type.application";
		};
		2BE447092D64A89600376C30 /* Widget02082WidgetExtension */ = {
			isa = PBXNativeTarget;
			buildConfigurationList = 2BE4471C2D64A89800376C30 /* Build configuration list for PBXNativeTarget "Widget02082WidgetExtension" */;
			buildPhases = (
				2BE447062D64A89600376C30 /* Sources */,
				2BE447072D64A89600376C30 /* Frameworks */,
				2BE447082D64A89600376C30 /* Resources */,
			);
			buildRules = (
			);
			dependencies = (
			);
			fileSystemSynchronizedGroups = (
				2BE447102D64A89600376C30 /* Widget02082Widget */,
			);
			name = Widget02082WidgetExtension;
			packageProductDependencies = (
			);
			productName = Widget02082WidgetExtension;
			productReference = 2BE4470A2D64A89600376C30 /* Widget02082WidgetExtension.appex */;
			productType = "com.apple.product-type.app-extension";
		};
/* End PBXNativeTarget section */

/* Begin PBXProject section */
		2BE446ED2D64A87D00376C30 /* Project object */ = {
			isa = PBXProject;
			attributes = {
				BuildIndependentTargetsInParallel = 1;
				LastSwiftUpdateCheck = 1610;
				LastUpgradeCheck = 1610;
				TargetAttributes = {
					2BE446F42D64A87D00376C30 = {
						CreatedOnToolsVersion = 16.1;
					};
					2BE447092D64A89600376C30 = {
						CreatedOnToolsVersion = 16.1;
					};
				};
			};
			buildConfigurationList = 2BE446F02D64A87D00376C30 /* Build configuration list for PBXProject "Widget02082" */;
			developmentRegion = en;
			hasScannedForEncodings = 0;
			knownRegions = (
				en,
				Base,
			);
			mainGroup = 2BE446EC2D64A87D00376C30;
			minimizedProjectReferenceProxies = 1;
			preferredProjectObjectVersion = 77;
			productRefGroup = 2BE446F62D64A87D00376C30 /* Products */;
			projectDirPath = "";
			projectRoot = "";
			targets = (
				2BE446F42D64A87D00376C30 /* Widget02082 */,
				2BE447092D64A89600376C30 /* Widget02082WidgetExtension */,
			);
		};
/* End PBXProject section */

/* Begin PBXResourcesBuildPhase section */
		2BE446F32D64A87D00376C30 /* Resources */ = {
			isa = PBXResourcesBuildPhase;
			buildActionMask = 2147483647;
			files = (
			);
			runOnlyForDeploymentPostprocessing = 0;
		};
		2BE447082D64A89600376C30 /* Resources */ = {
			isa = PBXResourcesBuildPhase;
			buildActionMask = 2147483647;
			files = (
			);
			runOnlyForDeploymentPostprocessing = 0;
		};
/* End PBXResourcesBuildPhase section */

/* Begin PBXSourcesBuildPhase section */
		2BE446F12D64A87D00376C30 /* Sources */ = {
			isa = PBXSourcesBuildPhase;
			buildActionMask = 2147483647;
			files = (
				2B1A596D2D6746B7007D9191 /* intent.intentdefinition in Sources */,
			);
			runOnlyForDeploymentPostprocessing = 0;
		};
		2BE447062D64A89600376C30 /* Sources */ = {
			isa = PBXSourcesBuildPhase;
			buildActionMask = 2147483647;
			files = (
				2B1A596E2D6746B7007D9191 /* intent.intentdefinition in Sources */,
			);
			runOnlyForDeploymentPostprocessing = 0;
		};
/* End PBXSourcesBuildPhase section */

/* Begin PBXTargetDependency section */
		2BE447192D64A89800376C30 /* PBXTargetDependency */ = {
			isa = PBXTargetDependency;
			target = 2BE447092D64A89600376C30 /* Widget02082WidgetExtension */;
			targetProxy = 2BE447182D64A89800376C30 /* PBXContainerItemProxy */;
		};
/* End PBXTargetDependency section */

/* Begin XCBuildConfiguration section */
		2BE447012D64A87F00376C30 /* Debug */ = {
			isa = XCBuildConfiguration;
			buildSettings = {
				ALWAYS_SEARCH_USER_PATHS = NO;
				ASSETCATALOG_COMPILER_GENERATE_SWIFT_ASSET_SYMBOL_EXTENSIONS = YES;
				CLANG_ANALYZER_NONNULL = YES;
				CLANG_ANALYZER_NUMBER_OBJECT_CONVERSION = YES_AGGRESSIVE;
				CLANG_CXX_LANGUAGE_STANDARD = "gnu++20";
				CLANG_ENABLE_MODULES = YES;
				CLANG_ENABLE_OBJC_ARC = YES;
				CLANG_ENABLE_OBJC_WEAK = YES;
				CLANG_WARN_BLOCK_CAPTURE_AUTORELEASING = YES;
				CLANG_WARN_BOOL_CONVERSION = YES;
				CLANG_WARN_COMMA = YES;
				CLANG_WARN_CONSTANT_CONVERSION = YES;
				CLANG_WARN_DEPRECATED_OBJC_IMPLEMENTATIONS = YES;
				CLANG_WARN_DIRECT_OBJC_ISA_USAGE = YES_ERROR;
				CLANG_WARN_DOCUMENTATION_COMMENTS = YES;
				CLANG_WARN_EMPTY_BODY = YES;
				CLANG_WARN_ENUM_CONVERSION = YES;
				CLANG_WARN_INFINITE_RECURSION = YES;
				CLANG_WARN_INT_CONVERSION = YES;
				CLANG_WARN_NON_LITERAL_NULL_CONVERSION = YES;
				CLANG_WARN_OBJC_IMPLICIT_RETAIN_SELF = YES;
				CLANG_WARN_OBJC_LITERAL_CONVERSION = YES;
				CLANG_WARN_OBJC_ROOT_CLASS = YES_ERROR;
				CLANG_WARN_QUOTED_INCLUDE_IN_FRAMEWORK_HEADER = YES;
				CLANG_WARN_RANGE_LOOP_ANALYSIS = YES;
				CLANG_WARN_STRICT_PROTOTYPES = YES;
				CLANG_WARN_SUSPICIOUS_MOVE = YES;
				CLANG_WARN_UNGUARDED_AVAILABILITY = YES_AGGRESSIVE;
				CLANG_WARN_UNREACHABLE_CODE = YES;
				CLANG_WARN__DUPLICATE_METHOD_MATCH = YES;
				COPY_PHASE_STRIP = NO;
				DEBUG_INFORMATION_FORMAT = dwarf;
				ENABLE_STRICT_OBJC_MSGSEND = YES;
				ENABLE_TESTABILITY = YES;
				ENABLE_USER_SCRIPT_SANDBOXING = YES;
				GCC_C_LANGUAGE_STANDARD = gnu17;
				GCC_DYNAMIC_NO_PIC = NO;
				GCC_NO_COMMON_BLOCKS = YES;
				GCC_OPTIMIZATION_LEVEL = 0;
				GCC_PREPROCESSOR_DEFINITIONS = (
					"DEBUG=1",
					"$(inherited)",
				);
				GCC_WARN_64_TO_32_BIT_CONVERSION = YES;
				GCC_WARN_ABOUT_RETURN_TYPE = YES_ERROR;
				GCC_WARN_UNDECLARED_SELECTOR = YES;
				GCC_WARN_UNINITIALIZED_AUTOS = YES_AGGRESSIVE;
				GCC_WARN_UNUSED_FUNCTION = YES;
				GCC_WARN_UNUSED_VARIABLE = YES;
				IPHONEOS_DEPLOYMENT_TARGET = 16.6;
				LOCALIZATION_PREFERS_STRING_CATALOGS = YES;
				MTL_ENABLE_DEBUG_INFO = INCLUDE_SOURCE;
				MTL_FAST_MATH = YES;
				ONLY_ACTIVE_ARCH = YES;
				SDKROOT = iphoneos;
				SWIFT_ACTIVE_COMPILATION_CONDITIONS = "DEBUG $(inherited)";
				SWIFT_OPTIMIZATION_LEVEL = "-Onone";
			};
			name = Debug;
		};
		2BE447022D64A87F00376C30 /* Release */ = {
			isa = XCBuildConfiguration;
			buildSettings = {
				ALWAYS_SEARCH_USER_PATHS = NO;
				ASSETCATALOG_COMPILER_GENERATE_SWIFT_ASSET_SYMBOL_EXTENSIONS = YES;
				CLANG_ANALYZER_NONNULL = YES;
				CLANG_ANALYZER_NUMBER_OBJECT_CONVERSION = YES_AGGRESSIVE;
				CLANG_CXX_LANGUAGE_STANDARD = "gnu++20";
				CLANG_ENABLE_MODULES = YES;
				CLANG_ENABLE_OBJC_ARC = YES;
				CLANG_ENABLE_OBJC_WEAK = YES;
				CLANG_WARN_BLOCK_CAPTURE_AUTORELEASING = YES;
				CLANG_WARN_BOOL_CONVERSION = YES;
				CLANG_WARN_COMMA = YES;
				CLANG_WARN_CONSTANT_CONVERSION = YES;
				CLANG_WARN_DEPRECATED_OBJC_IMPLEMENTATIONS = YES;
				CLANG_WARN_DIRECT_OBJC_ISA_USAGE = YES_ERROR;
				CLANG_WARN_DOCUMENTATION_COMMENTS = YES;
				CLANG_WARN_EMPTY_BODY = YES;
				CLANG_WARN_ENUM_CONVERSION = YES;
				CLANG_WARN_INFINITE_RECURSION = YES;
				CLANG_WARN_INT_CONVERSION = YES;
				CLANG_WARN_NON_LITERAL_NULL_CONVERSION = YES;
				CLANG_WARN_OBJC_IMPLICIT_RETAIN_SELF = YES;
				CLANG_WARN_OBJC_LITERAL_CONVERSION = YES;
				CLANG_WARN_OBJC_ROOT_CLASS = YES_ERROR;
				CLANG_WARN_QUOTED_INCLUDE_IN_FRAMEWORK_HEADER = YES;
				CLANG_WARN_RANGE_LOOP_ANALYSIS = YES;
				CLANG_WARN_STRICT_PROTOTYPES = YES;
				CLANG_WARN_SUSPICIOUS_MOVE = YES;
				CLANG_WARN_UNGUARDED_AVAILABILITY = YES_AGGRESSIVE;
				CLANG_WARN_UNREACHABLE_CODE = YES;
				CLANG_WARN__DUPLICATE_METHOD_MATCH = YES;
				COPY_PHASE_STRIP = NO;
				DEBUG_INFORMATION_FORMAT = "dwarf-with-dsym";
				ENABLE_NS_ASSERTIONS = NO;
				ENABLE_STRICT_OBJC_MSGSEND = YES;
				ENABLE_USER_SCRIPT_SANDBOXING = YES;
				GCC_C_LANGUAGE_STANDARD = gnu17;
				GCC_NO_COMMON_BLOCKS = YES;
				GCC_WARN_64_TO_32_BIT_CONVERSION = YES;
				GCC_WARN_ABOUT_RETURN_TYPE = YES_ERROR;
				GCC_WARN_UNDECLARED_SELECTOR = YES;
				GCC_WARN_UNINITIALIZED_AUTOS = YES_AGGRESSIVE;
				GCC_WARN_UNUSED_FUNCTION = YES;
				GCC_WARN_UNUSED_VARIABLE = YES;
				IPHONEOS_DEPLOYMENT_TARGET = 16.6;
				LOCALIZATION_PREFERS_STRING_CATALOGS = YES;
				MTL_ENABLE_DEBUG_INFO = NO;
				MTL_FAST_MATH = YES;
				SDKROOT = iphoneos;
				SWIFT_COMPILATION_MODE = wholemodule;
				VALIDATE_PRODUCT = YES;
			};
			name = Release;
		};
		2BE447042D64A87F00376C30 /* Debug */ = {
			isa = XCBuildConfiguration;
			buildSettings = {
				ASSETCATALOG_COMPILER_APPICON_NAME = AppIcon;
				ASSETCATALOG_COMPILER_GLOBAL_ACCENT_COLOR_NAME = AccentColor;
				CODE_SIGN_STYLE = Automatic;
				CURRENT_PROJECT_VERSION = 1;
				DEVELOPMENT_ASSET_PATHS = "\"Widget02082/Preview Content\"";
				DEVELOPMENT_TEAM = 5Z4W2PM247;
				ENABLE_PREVIEWS = YES;
				GENERATE_INFOPLIST_FILE = YES;
				INFOPLIST_FILE = Widget02082/Info.plist;
				INFOPLIST_KEY_UIApplicationSceneManifest_Generation = YES;
				INFOPLIST_KEY_UIApplicationSupportsIndirectInputEvents = YES;
				INFOPLIST_KEY_UILaunchScreen_Generation = YES;
				INFOPLIST_KEY_UISupportedInterfaceOrientations_iPad = "UIInterfaceOrientationPortrait UIInterfaceOrientationPortraitUpsideDown UIInterfaceOrientationLandscapeLeft UIInterfaceOrientationLandscapeRight";
				INFOPLIST_KEY_UISupportedInterfaceOrientations_iPhone = "UIInterfaceOrientationPortrait UIInterfaceOrientationLandscapeLeft UIInterfaceOrientationLandscapeRight";
				LD_RUNPATH_SEARCH_PATHS = (
					"$(inherited)",
					"@executable_path/Frameworks",
				);
				MARKETING_VERSION = 1.0;
				PRODUCT_BUNDLE_IDENTIFIER = "yjx-xcdebug.Widget02082";
				PRODUCT_NAME = "$(TARGET_NAME)";
				SWIFT_EMIT_LOC_STRINGS = YES;
				SWIFT_VERSION = 5.0;
				TARGETED_DEVICE_FAMILY = "1,2";
			};
			name = Debug;
		};
		2BE447052D64A87F00376C30 /* Release */ = {
			isa = XCBuildConfiguration;
			buildSettings = {
				ASSETCATALOG_COMPILER_APPICON_NAME = AppIcon;
				ASSETCATALOG_COMPILER_GLOBAL_ACCENT_COLOR_NAME = AccentColor;
				CODE_SIGN_STYLE = Automatic;
				CURRENT_PROJECT_VERSION = 1;
				DEVELOPMENT_ASSET_PATHS = "\"Widget02082/Preview Content\"";
				DEVELOPMENT_TEAM = 5Z4W2PM247;
				ENABLE_PREVIEWS = YES;
				GENERATE_INFOPLIST_FILE = YES;
				INFOPLIST_FILE = Widget02082/Info.plist;
				INFOPLIST_KEY_UIApplicationSceneManifest_Generation = YES;
				INFOPLIST_KEY_UIApplicationSupportsIndirectInputEvents = YES;
				INFOPLIST_KEY_UILaunchScreen_Generation = YES;
				INFOPLIST_KEY_UISupportedInterfaceOrientations_iPad = "UIInterfaceOrientationPortrait UIInterfaceOrientationPortraitUpsideDown UIInterfaceOrientationLandscapeLeft UIInterfaceOrientationLandscapeRight";
				INFOPLIST_KEY_UISupportedInterfaceOrientations_iPhone = "UIInterfaceOrientationPortrait UIInterfaceOrientationLandscapeLeft UIInterfaceOrientationLandscapeRight";
				LD_RUNPATH_SEARCH_PATHS = (
					"$(inherited)",
					"@executable_path/Frameworks",
				);
				MARKETING_VERSION = 1.0;
				PRODUCT_BUNDLE_IDENTIFIER = "yjx-xcdebug.Widget02082";
				PRODUCT_NAME = "$(TARGET_NAME)";
				SWIFT_EMIT_LOC_STRINGS = YES;
				SWIFT_VERSION = 5.0;
				TARGETED_DEVICE_FAMILY = "1,2";
			};
			name = Release;
		};
		2BE4471D2D64A89800376C30 /* Debug */ = {
			isa = XCBuildConfiguration;
			buildSettings = {
				ASSETCATALOG_COMPILER_GLOBAL_ACCENT_COLOR_NAME = AccentColor;
				ASSETCATALOG_COMPILER_WIDGET_BACKGROUND_COLOR_NAME = WidgetBackground;
				CODE_SIGN_STYLE = Automatic;
				CURRENT_PROJECT_VERSION = 1;
				DEVELOPMENT_TEAM = 5Z4W2PM247;
				GENERATE_INFOPLIST_FILE = YES;
				INFOPLIST_FILE = Widget02082Widget/Info.plist;
				INFOPLIST_KEY_CFBundleDisplayName = Widget02082Widget;
				INFOPLIST_KEY_NSHumanReadableCopyright = "";
				LD_RUNPATH_SEARCH_PATHS = (
					"$(inherited)",
					"@executable_path/Frameworks",
					"@executable_path/../../Frameworks",
				);
				MARKETING_VERSION = 1.0;
				PRODUCT_BUNDLE_IDENTIFIER = "yjx-xcdebug.Widget02082.Widget02082Widget";
				PRODUCT_NAME = "$(TARGET_NAME)";
				SKIP_INSTALL = YES;
				SWIFT_EMIT_LOC_STRINGS = YES;
				SWIFT_VERSION = 5.0;
				TARGETED_DEVICE_FAMILY = "1,2";
			};
			name = Debug;
		};
		2BE4471E2D64A89800376C30 /* Release */ = {
			isa = XCBuildConfiguration;
			buildSettings = {
				ASSETCATALOG_COMPILER_GLOBAL_ACCENT_COLOR_NAME = AccentColor;
				ASSETCATALOG_COMPILER_WIDGET_BACKGROUND_COLOR_NAME = WidgetBackground;
				CODE_SIGN_STYLE = Automatic;
				CURRENT_PROJECT_VERSION = 1;
				DEVELOPMENT_TEAM = 5Z4W2PM247;
				GENERATE_INFOPLIST_FILE = YES;
				INFOPLIST_FILE = Widget02082Widget/Info.plist;
				INFOPLIST_KEY_CFBundleDisplayName = Widget02082Widget;
				INFOPLIST_KEY_NSHumanReadableCopyright = "";
				LD_RUNPATH_SEARCH_PATHS = (
					"$(inherited)",
					"@executable_path/Frameworks",
					"@executable_path/../../Frameworks",
				);
				MARKETING_VERSION = 1.0;
				PRODUCT_BUNDLE_IDENTIFIER = "yjx-xcdebug.Widget02082.Widget02082Widget";
				PRODUCT_NAME = "$(TARGET_NAME)";
				SKIP_INSTALL = YES;
				SWIFT_EMIT_LOC_STRINGS = YES;
				SWIFT_VERSION = 5.0;
				TARGETED_DEVICE_FAMILY = "1,2";
			};
			name = Release;
		};
/* End XCBuildConfiguration section */

/* Begin XCConfigurationList section */
		2BE446F02D64A87D00376C30 /* Build configuration list for PBXProject "Widget02082" */ = {
			isa = XCConfigurationList;
			buildConfigurations = (
				2BE447012D64A87F00376C30 /* Debug */,
				2BE447022D64A87F00376C30 /* Release */,
			);
			defaultConfigurationIsVisible = 0;
			defaultConfigurationName = Release;
		};
		2BE447032D64A87F00376C30 /* Build configuration list for PBXNativeTarget "Widget02082" */ = {
			isa = XCConfigurationList;
			buildConfigurations = (
				2BE447042D64A87F00376C30 /* Debug */,
				2BE447052D64A87F00376C30 /* Release */,
			);
			defaultConfigurationIsVisible = 0;
			defaultConfigurationName = Release;
		};
		2BE4471C2D64A89800376C30 /* Build configuration list for PBXNativeTarget "Widget02082WidgetExtension" */ = {
			isa = XCConfigurationList;
			buildConfigurations = (
				2BE4471D2D64A89800376C30 /* Debug */,
				2BE4471E2D64A89800376C30 /* Release */,
			);
			defaultConfigurationIsVisible = 0;
			defaultConfigurationName = Release;
		};
/* End XCConfigurationList section */
	};
	rootObject = 2BE446ED2D64A87D00376C30 /* Project object */;
}
